
Microsoft Visual Studio Solution File, Format Version 12.00
# Visual Studio 15
VisualStudioVersion = 15.0.27703.2042
MinimumVisualStudioVersion = 10.0.40219.1
Project("{FAE04EC0-301F-11D3-BF4B-00C04F79EFBC}") = "MySqlDemo", "MySqlDemo\MySqlDemo.csproj", "{04D78A16-B672-4E30-A60E-C661D5340710}"
EndProject
Global
	GlobalSection(SolutionConfigurationPlatforms) = preSolution
		Debug|Any CPU = Debug|Any CPU
		Release|Any CPU = Release|Any CPU
	EndGlobalSection
	GlobalSection(ProjectConfigurationPlatforms) = postSolution
		{04D78A16-B672-4E30-A60E-C661D5340710}.Debug|Any CPU.ActiveCfg = Debug|Any CPU
		{04D78A16-B672-4E30-A60E-C661D5340710}.Debug|Any CPU.Build.0 = Debug|Any CPU
		{04D78A16-B672-4E30-A60E-C661D5340710}.Release|Any CPU.ActiveCfg = Release|Any CPU
		{04D78A16-B672-4E30-A60E-C661D5340710}.Release|Any CPU.Build.0 = Release|Any CPU
	EndGlobalSection
	GlobalSection(SolutionProperties) = preSolution
		HideSolutionNode = FALSE
	EndGlobalSection
	GlobalSection(ExtensibilityGlobals) = postSolution
		SolutionGuid = {D1E878FD-B252-4539-A290-15D2591B4636}
	EndGlobalSection
EndGlobal
